<?xml version="1.0" encoding="utf-8"?>
<Project ToolsVersion="4.0" xmlns="http://schemas.microsoft.com/developer/msbuild/2003">
  <ItemGroup>
    <Filter Include="源文件">
      <UniqueIdentifier>{4FC737F1-C7A5-4376-A066-2A32D752A2FF}</UniqueIdentifier>
      <Extensions>cpp;c;cc;cxx;def;odl;idl;hpj;bat;asm;asmx</Extensions>
    </Filter>
    <Filter Include="头文件">
      <UniqueIdentifier>{93995380-89BD-4b04-88EB-625FBE52EBFB}</UniqueIdentifier>
      <Extensions>h;hh;hpp;hxx;hm;inl;inc;xsd</Extensions>
    </Filter>
    <Filter Include="资源文件">
      <UniqueIdentifier>{67DA6AB6-F800-4c08-8B7A-83BB121AAD01}</UniqueIdentifier>
      <Extensions>rc;ico;cur;bmp;dlg;rc2;rct;bin;rgs;gif;jpg;jpeg;jpe;resx;tiff;tif;png;wav;mfcribbon-ms</Extensions>
    </Filter>
    <Filter Include="Part1">
      <UniqueIdentifier>{8d801ddf-b132-4f10-806b-721c5906b63c}</UniqueIdentifier>
    </Filter>
    <Filter Include="Shader">
      <UniqueIdentifier>{2285f9fe-3744-4268-97cc-f11e4de35314}</UniqueIdentifier>
    </Filter>
    <Filter Include="thirdpart">
      <UniqueIdentifier>{c649c8c8-b6d5-4f50-9939-3b99e736aa48}</UniqueIdentifier>
    </Filter>
  </ItemGroup>
  <ItemGroup>
    <ClCompile Include="glad.c">
      <Filter>源文件</Filter>
    </ClCompile>
    <ClCompile Include="main.cpp">
      <Filter>源文件</Filter>
    </ClCompile>
    <ClCompile Include="Part1\OpenGLPart1.cpp">
      <Filter>Part1</Filter>
    </ClCompile>
    <ClCompile Include="Shader\Shader.cpp">
      <Filter>Shader</Filter>
    </ClCompile>
  </ItemGroup>
  <ItemGroup>
    <ClInclude Include="Part1\OpenGLPart1.h">
      <Filter>Part1</Filter>
    </ClInclude>
    <ClInclude Include="Shader\Shader.h">
      <Filter>Shader</Filter>
    </ClInclude>
    <ClInclude Include="thirdpart\stb_image.h">
      <Filter>thirdpart</Filter>
    </ClInclude>
  </ItemGroup>
  <ItemGroup>
    <None Include="Shader\Shader.fs">
      <Filter>Shader</Filter>
    </None>
    <None Include="Shader\Shader.vs">
      <Filter>Shader</Filter>
    </None>
    <None Include="Part1\resource\Shader_6.1.fs">
      <Filter>Part1</Filter>
    </None>
    <None Include="Part1\resource\Shader_6.1.vs">
      <Filter>Part1</Filter>
    </None>
    <None Include="Part1\resource\Shader_6.fs">
      <Filter>Part1</Filter>
    </None>
    <None Include="Part1\resource\Shader_6.vs">
      <Filter>Part1</Filter>
    </None>
    <None Include="Part1\resource\TextureShader.fs">
      <Filter>Part1</Filter>
    </None>
    <None Include="Part1\resource\TextureShader.vs">
      <Filter>Part1</Filter>
    </None>
    <None Include="Part1\resource\Shader_7.vs">
      <Filter>Part1</Filter>
    </None>
  </ItemGroup>
</Project>